<?xml version="1.0" encoding="UTF-8" standalone="yes" ?>
<CodeBlocks_project_file>
	<FileVersion major="1" minor="6" />
	<Project>
		<Option title="Petsa" />
		<Option pch_mode="2" />
		<Option compiler="gcc" />
		<Build>
			<Target title="Debug">
				<Option output="bin/Debug/Petsa" prefix_auto="1" extension_auto="1" />
				<Option object_output="obj/Debug/" />
				<Option type="1" />
				<Option compiler="gcc" />
				<Compiler>
					<Add option="-g" />
					<Add directory="Controller" />
					<Add directory="Tools" />
					<Add directory="View" />
				</Compiler>
			</Target>
			<Target title="Release">
				<Option output="bin/Release/Petsa" prefix_auto="1" extension_auto="1" />
				<Option object_output="obj/Release/" />
				<Option type="1" />
				<Option compiler="gcc" />
				<Compiler>
					<Add option="-O2" />
					<Add directory="Controller" />
					<Add directory="Tools" />
					<Add directory="View" />
				</Compiler>
				<Linker>
					<Add option="-s" />
				</Linker>
			</Target>
		</Build>
		<Compiler>
			<Add option="-Wall" />
			<Add option="-fexceptions" />
		</Compiler>
		<Unit filename="Controller/MainMenuController.cpp" />
		<Unit filename="Controller/MainMenuController.h" />
		<Unit filename="Tools/GlobalTools.cpp" />
		<Unit filename="Tools/GlobalTools.h" />
		<Unit filename="View/GlobalView.cpp" />
		<Unit filename="View/GlobalView.h" />
		<Unit filename="main.cpp" />
		<Extensions>
			<code_completion />
			<envvars />
			<debugger />
			<lib_finder disable_auto="1" />
		</Extensions>
	</Project>
</CodeBlocks_project_file>
