<?xml version="1.0" encoding="UTF-8" standalone="yes" ?>
<CodeBlocks_project_file>
	<FileVersion major="1" minor="6" />
	<Project>
		<Option title="PizzeriaRemastered" />
		<Option pch_mode="2" />
		<Option compiler="gcc" />
		<Build>
			<Target title="Debug">
				<Option output="bin/Debug/PizzeriaRemastered" prefix_auto="1" extension_auto="1" />
				<Option object_output="obj/Debug/" />
				<Option type="1" />
				<Option compiler="gcc" />
				<Compiler>
					<Add option="-g" />
					<Add directory="Controllers" />
					<Add directory="Models" />
					<Add directory="Views" />
					<Add directory="Templates" />
				</Compiler>
			</Target>
			<Target title="Release">
				<Option output="bin/Release/PizzeriaRemastered" prefix_auto="1" extension_auto="1" />
				<Option object_output="obj/Release/" />
				<Option type="1" />
				<Option compiler="gcc" />
				<Compiler>
					<Add option="-O2" />
					<Add directory="Controllers" />
					<Add directory="Models" />
					<Add directory="Views" />
					<Add directory="Templates" />
				</Compiler>
				<Linker>
					<Add option="-s" />
				</Linker>
			</Target>
		</Build>
		<Compiler>
			<Add option="-Wall" />
			<Add option="-fexceptions" />
		</Compiler>
		<Unit filename="Controllers/maincontroller.cpp" />
		<Unit filename="Controllers/maincontroller.h" />
		<Unit filename="Models/mainmodel.cpp" />
		<Unit filename="Models/mainmodel.h" />
		<Unit filename="Models/ordermodel.cpp" />
		<Unit filename="Models/ordermodel.h" />
		<Unit filename="Models/pizzamodel.cpp" />
		<Unit filename="Models/pizzamodel.h" />
		<Unit filename="Models/toppingmodel.cpp" />
		<Unit filename="Models/toppingmodel.h" />
		<Unit filename="Templates/order.cpp" />
		<Unit filename="Templates/order.h" />
		<Unit filename="Templates/pizza.cpp" />
		<Unit filename="Templates/pizza.h" />
		<Unit filename="Templates/topping.cpp" />
		<Unit filename="Templates/topping.h" />
		<Unit filename="Views/mainview.cpp" />
		<Unit filename="Views/mainview.h" />
		<Unit filename="main.cpp" />
		<Extensions>
			<code_completion />
			<envvars />
			<debugger />
			<lib_finder disable_auto="1" />
		</Extensions>
	</Project>
</CodeBlocks_project_file>
